# THIS IS AN AUTOGENERATED FILE. DO NOT EDIT THIS FILE DIRECTLY.
# yarn lockfile v1


buffer-crc32@0.1.1:
  version "0.1.1"
  resolved "https://artifactory.csq.fr:443/api/npm/npm/buffer-crc32/-/buffer-crc32-0.1.1.tgz#7e110dc9953908ab7c32acdc70c9f945b1cbc526"
  integrity sha1-fhENyZU5CKt8MqzccMn5RbHLxSY=

bytes@0.1.0:
  version "0.1.0"
  resolved "https://artifactory.csq.fr:443/api/npm/npm/bytes/-/bytes-0.1.0.tgz#c574812228126d6369d1576925a8579db3f8e5a2"
  integrity sha1-xXSBIigSbWNp0VdpJahXnbP45aI=

commander@0.6.1:
  version "0.6.1"
  resolved "https://artifactory.csq.fr:443/api/npm/npm/commander/-/commander-0.6.1.tgz#fa68a14f6a945d54dbbe50d8cdb3320e9e3b1a06"
  integrity sha1-+mihT2qUXVTbvlDYzbMyDp47GgY=

connect@2.7.2:
  version "2.7.2"
  resolved "https://artifactory.csq.fr:443/api/npm/npm/connect/-/connect-2.7.2.tgz#11799463bdaaaf99d5f9bef133bf2420b26e2680"
  integrity sha1-EXmUY72qr5nV+b7xM78kILJuJoA=
  dependencies:
    buffer-crc32 "0.1.1"
    bytes "0.1.0"
    cookie "0.0.5"
    cookie-signature "0.0.1"
    debug "*"
    formidable "1.0.11"
    fresh "0.1.0"
    pause "0.0.1"
    qs "0.5.1"
    send "0.1.0"

cookie-signature@0.0.1:
  version "0.0.1"
  resolved "https://artifactory.csq.fr:443/api/npm/npm/cookie-signature/-/cookie-signature-0.0.1.tgz#13d3603b5cf63befbf85a8801e37aa900db46985"
  integrity sha1-E9NgO1z2O++/haiAHjeqkA20aYU=

cookie@0.0.5:
  version "0.0.5"
  resolved "https://artifactory.csq.fr:443/api/npm/npm/cookie/-/cookie-0.0.5.tgz#f9acf9db57eb7568c9fcc596256b7bb22e307c81"
  integrity sha1-+az521frdWjJ/MWWJWt7si4wfIE=

cors@^2.5.3:
  version "2.8.5"
  resolved "https://artifactory.csq.fr:443/api/npm/npm/cors/-/cors-2.8.5.tgz#eac11da51592dd86b9f06f6e7ac293b3df875d29"
  integrity sha1-6sEdpRWS3Ya58G9uesKTs9+HXSk=
  dependencies:
    object-assign "^4"
    vary "^1"

debug@*:
  version "4.1.1"
  resolved "https://artifactory.csq.fr:443/api/npm/npm/debug/-/debug-4.1.1.tgz#3b72260255109c6b589cee050f1d516139664791"
  integrity sha1-O3ImAlUQnGtYnO4FDx1RYTlmR5E=
  dependencies:
    ms "^2.1.1"

ejs@*:
  version "2.6.1"
  resolved "https://artifactory.csq.fr:443/api/npm/npm/ejs/-/ejs-2.6.1.tgz#498ec0d495655abc6f23cd61868d926464071aa0"
  integrity sha1-SY7A1JVlWrxvI81hho2SZGQHGqA=

express@3.1.0:
  version "3.1.0"
  resolved "https://artifactory.csq.fr:443/api/npm/npm/express/-/express-3.1.0.tgz#f869b2d92320f5c3dd496c172e06f02b6ad43310"
  integrity sha1-+Gmy2SMg9cPdSWwXLgbwK2rUMxA=
  dependencies:
    buffer-crc32 "0.1.1"
    commander "0.6.1"
    connect "2.7.2"
    cookie "0.0.5"
    cookie-signature "0.0.1"
    debug "*"
    fresh "0.1.0"
    methods "0.0.1"
    mkdirp "0.3.3"
    range-parser "0.0.4"
    send "0.1.0"

formidable@1.0.11:
  version "1.0.11"
  resolved "https://artifactory.csq.fr:443/api/npm/npm/formidable/-/formidable-1.0.11.tgz#68f63325a035e644b6f7bb3d11243b9761de1b30"
  integrity sha1-aPYzJaA15kS297s9ESQ7l2HeGzA=

fresh@0.1.0:
  version "0.1.0"
  resolved "https://artifactory.csq.fr:443/api/npm/npm/fresh/-/fresh-0.1.0.tgz#03e4b0178424e4c2d5d19a54d8814cdc97934850"
  integrity sha1-A+SwF4Qk5MLV0ZpU2IFM3JeTSFA=

inherits@2.0.3:
  version "2.0.3"
  resolved "https://artifactory.csq.fr:443/api/npm/npm/inherits/-/inherits-2.0.3.tgz#633c2c83e3da42a502f52466022480f4208261de"
  integrity sha1-Yzwsg+PaQqUC9SRmAiSA9CCCYd4=

methods@0.0.1:
  version "0.0.1"
  resolved "https://artifactory.csq.fr:443/api/npm/npm/methods/-/methods-0.0.1.tgz#277c90f8bef39709645a8371c51c3b6c648e068c"
  integrity sha1-J3yQ+L7zlwlkWoNxxRw7bGSOBow=

mime@1.2.6:
  version "1.2.6"
  resolved "https://artifactory.csq.fr:443/api/npm/npm/mime/-/mime-1.2.6.tgz#b1f86c768c025fa87b48075f1709f28aeaf20365"
  integrity sha1-sfhsdowCX6h7SAdfFwnyiuryA2U=

mkdirp@0.3.3:
  version "0.3.3"
  resolved "https://artifactory.csq.fr:443/api/npm/npm/mkdirp/-/mkdirp-0.3.3.tgz#595e251c1370c3a68bab2136d0e348b8105adf13"
  integrity sha1-WV4lHBNww6aLqyE20ONIuBBa3xM=

ms@^2.1.1:
  version "2.1.1"
  resolved "https://artifactory.csq.fr:443/api/npm/npm/ms/-/ms-2.1.1.tgz#30a5864eb3ebb0a66f2ebe6d727af06a09d86e0a"
  integrity sha1-MKWGTrPrsKZvLr5tcnrwagnYbgo=

object-assign@^4:
  version "4.1.1"
  resolved "https://artifactory.csq.fr:443/api/npm/npm/object-assign/-/object-assign-4.1.1.tgz#2109adc7965887cfc05cbbd442cac8bfbb360863"
  integrity sha1-IQmtx5ZYh8/AXLvUQsrIv7s2CGM=

path@*:
  version "0.12.7"
  resolved "https://artifactory.csq.fr:443/api/npm/npm/path/-/path-0.12.7.tgz#d4dc2a506c4ce2197eb481ebfcd5b36c0140b10f"
  integrity sha1-1NwqUGxM4hl+tIHr/NWzbAFAsQ8=
  dependencies:
    process "^0.11.1"
    util "^0.10.3"

pause@0.0.1:
  version "0.0.1"
  resolved "https://artifactory.csq.fr:443/api/npm/npm/pause/-/pause-0.0.1.tgz#1d408b3fdb76923b9543d96fb4c9dfd535d9cb5d"
  integrity sha1-HUCLP9t2kjuVQ9lvtMnf1TXZy10=

process@^0.11.1:
  version "0.11.10"
  resolved "https://artifactory.csq.fr:443/api/npm/npm/process/-/process-0.11.10.tgz#7332300e840161bda3e69a1d1d91a7d4bc16f182"
  integrity sha1-czIwDoQBYb2j5podHZGn1LwW8YI=

qs@0.5.1:
  version "0.5.1"
  resolved "https://artifactory.csq.fr:443/api/npm/npm/qs/-/qs-0.5.1.tgz#9f6bf5d9ac6c76384e95d36d15b48980e5e4add0"
  integrity sha1-n2v12axsdjhOldNtFbSJgOXkrdA=

range-parser@0.0.4:
  version "0.0.4"
  resolved "https://artifactory.csq.fr:443/api/npm/npm/range-parser/-/range-parser-0.0.4.tgz#c0427ffef51c10acba0782a46c9602e744ff620b"
  integrity sha1-wEJ//vUcEKy6B4KkbJYC50T/Ygs=

send@0.1.0:
  version "0.1.0"
  resolved "https://artifactory.csq.fr:443/api/npm/npm/send/-/send-0.1.0.tgz#cfb08ebd3cec9b7fc1a37d9ff9e875a971cf4640"
  integrity sha1-z7COvTzsm3/Bo32f+eh1qXHPRkA=
  dependencies:
    debug "*"
    fresh "0.1.0"
    mime "1.2.6"
    range-parser "0.0.4"

util@^0.10.3:
  version "0.10.4"
  resolved "https://artifactory.csq.fr:443/api/npm/npm/util/-/util-0.10.4.tgz#3aa0125bfe668a4672de58857d3ace27ecb76901"
  integrity sha1-OqASW/5mikZy3liFfTrOJ+y3aQE=
  dependencies:
    inherits "2.0.3"

vary@^1:
  version "1.1.2"
  resolved "https://artifactory.csq.fr:443/api/npm/npm/vary/-/vary-1.1.2.tgz#2299f02c6ded30d4a5961b0b9f74524a18f634fc"
  integrity sha1-IpnwLG3tMNSllhsLn3RSShj2NPw=
